
Microsoft Visual Studio Solution File, Format Version 12.00
# Visual Studio Version 16
VisualStudioVersion = 16.0.30225.117
MinimumVisualStudioVersion = 10.0.40219.1
Project("{9A19103F-16F7-4668-BE54-9A1E7A4F7556}") = "Model", "Model\Model.csproj", "{80350D3A-FA28-45A6-9AEA-86DECAF57D07}"
EndProject
Project("{9A19103F-16F7-4668-BE54-9A1E7A4F7556}") = "Controller", "Controller\Controller.csproj", "{317AB11C-997D-429C-827E-717582215561}"
EndProject
Project("{9A19103F-16F7-4668-BE54-9A1E7A4F7556}") = "ConsoleApp1", "ConsoleApp1\ConsoleApp1.csproj", "{2A04AF90-3444-41CA-9CCE-10CCE5BA8CD9}"
EndProject
Global
	GlobalSection(SolutionConfigurationPlatforms) = preSolution
		Debug|Any CPU = Debug|Any CPU
		Release|Any CPU = Release|Any CPU
	EndGlobalSection
	GlobalSection(ProjectConfigurationPlatforms) = postSolution
		{80350D3A-FA28-45A6-9AEA-86DECAF57D07}.Debug|Any CPU.ActiveCfg = Debug|Any CPU
		{80350D3A-FA28-45A6-9AEA-86DECAF57D07}.Debug|Any CPU.Build.0 = Debug|Any CPU
		{80350D3A-FA28-45A6-9AEA-86DECAF57D07}.Release|Any CPU.ActiveCfg = Release|Any CPU
		{80350D3A-FA28-45A6-9AEA-86DECAF57D07}.Release|Any CPU.Build.0 = Release|Any CPU
		{317AB11C-997D-429C-827E-717582215561}.Debug|Any CPU.ActiveCfg = Debug|Any CPU
		{317AB11C-997D-429C-827E-717582215561}.Debug|Any CPU.Build.0 = Debug|Any CPU
		{317AB11C-997D-429C-827E-717582215561}.Release|Any CPU.ActiveCfg = Release|Any CPU
		{317AB11C-997D-429C-827E-717582215561}.Release|Any CPU.Build.0 = Release|Any CPU
		{2A04AF90-3444-41CA-9CCE-10CCE5BA8CD9}.Debug|Any CPU.ActiveCfg = Debug|Any CPU
		{2A04AF90-3444-41CA-9CCE-10CCE5BA8CD9}.Debug|Any CPU.Build.0 = Debug|Any CPU
		{2A04AF90-3444-41CA-9CCE-10CCE5BA8CD9}.Release|Any CPU.ActiveCfg = Release|Any CPU
		{2A04AF90-3444-41CA-9CCE-10CCE5BA8CD9}.Release|Any CPU.Build.0 = Release|Any CPU
	EndGlobalSection
	GlobalSection(SolutionProperties) = preSolution
		HideSolutionNode = FALSE
	EndGlobalSection
	GlobalSection(ExtensibilityGlobals) = postSolution
		SolutionGuid = {BA97D7FF-E065-4F1B-814A-6727413BCCDC}
	EndGlobalSection
EndGlobal
